{
  "version": 4,
  "terraform_version": "0.14.10",
  "serial": 46,
  "lineage": "ba2cd8a4-a773-a30f-b6c2-0859cb8b8031",
  "outputs": {
    "tls_private_key": {
      "value": "-----BEGIN RSA PRIVATE KEY-----\nMIIJKgIBAAKCAgEAp5p8fO+HtbPbVGtqs1NTE+aZyyTRkX3qj3gxG2k1JXyYe2rt\n8fcFk2xyf4s0bqf4UzQdSzIKFL/0hKPlqntMbQl2S8z0dACS4Iwfud1WnHUeWszS\nml3yUKnZRDYQ0biofSF/2EzcLyKPpN+zLOhzmkAQ4PALdmVz+onef49HQpL+Tjzg\nn26X5zKrYDzXe8afNj1SEknMAiOh3mLWm+KbqVjgRH3nno9AmeTUnsnSqFRtrl1q\nx1s6fOWF3XZQBy0+5p5AH3wzzMg8h4UxI+vubmeuOTM9rvSbfXvnjSQnMo+1kz6w\nieIzHTVk8TNIrpOVWIuVl4yTBL2aIR8OWR/qW1yMfRzrnrtjFQjppsT6qqREOcyc\nWxrABaJHBXRIaEPHxTISlyzlpyqv0RIe6uoNGjv/TC/82HAiyyzZQe/89byB4FY9\nfwk3NzL+JB4WZ6lXb7umcw6CqWlhE5FGrYTX4N8qI0GyufqfVLKRHgSvVlwTX95U\ngRB4BR+btpsWJEVRDxxc7YomeYfpVCS/BlCFBbRNwsvkDJ3rUAexB1G4zGx/etPA\nBjxsbg/o71Zcp9+frT97baj/BgS9GyutzHhZXD5nssmA27nyiFZ7zPz3JC9RpxaR\nfNusQcEF/RR6uqgHqX8qdcyXoVsL0YUfO5GVP/LBi9+L2VSsNMZ3usWnEHcCAwEA\nAQKCAgEAiNsiz7mfbQWCEPrtU6S0b8max0A3R8AzqhcQsjtERGnq8Mwto6h7ixfA\nntkCZWEO6pHhYadoh+z+MtjKDl1D2L0jNV4UNizJwkVpGpHbyUHxGV+qkJYp6Sfn\n20Tyku1f111lUS/hkzN7a7umSQM+cjPiFGquUW0iOPAfGLXcEEaLFUOsf0MFEqpT\nOfA0XEOhed60h25vAUgrQrYeW4e8Z5nE9uiAGv8KVx99ZnOSahUWwoxRRpv9tEKO\n/nk/e7y8Yf/SiGMYwRy4IEjoCVb7iHds0hQ/R/9AgESOnLdqsmSadbN43/4ukqko\n1bN0o+iqyHSiH++PlQ1lL6p2QtxGtiUgwMXb+//kcCDcKTZiDesg7vdeCdiqcB1a\nlI+E1MdNfMqfcKxdYXhhB6J0PbgfR66d+TY/3t5nSyI0uuh3M5Iyxa0/bbrd0nJa\nnMS7Xf/YqiazltTbkPJmeaqHpIFOHsJ3Ebn+vM2P/o9QMrWQzGI0rL96BqsgXHNf\nmAzQLOIQtPSW2SH9HfUY2EniBCT4yDHPYzLFZoPBZtcjHR+4yPWqXzv4vWHqDi+m\nxKOynzttjL/h+Toy67p+ao5RmUxFODEbfejELAIqQ4nczg6OGCMVgNdN+FddZkdh\nensARs64S38+iaio9t20y4QI9djA/wSklqlrL/Hi0okmbmb8SSECggEBANA8XZv/\n5b/Tn5GaWKD8OQ9jKjV8kfHXrLqWlnaH661uVzJ2bbYrc6fWTLMtagHQ8bcJmtOi\n3CmTTd39Jd37Ck90X6z9JISysDuCzqw3ky8QellKUest1KinMN7Nk+ZDH3ek5pUd\ndcUppDPDf99F7nnWjZ9eJFDIcqJKQ5bygr4zprXkSkCYabSXDGARkWvTQLw2Jd7a\n26rQkdQwRDDAIgAFWTKeIDPDVEVJRGkneUz3Rar9c5plyXPoNmFowbB29+cHaxxJ\n91a4dpx06IKtDWPxGp0622RvlfQzP1i7P7FL+h9AC3gIomynu7Y4a7YOuV+ocHag\ndX9a2PiPLM0c6RkCggEBAM4MLx/h9t3NlzbccitnGiNAGGaQV7kb5Ms0AekgiMaY\n8Fs6Z1kO2LJcJLAYpMsgJ6Yy/kEgZI0tmJtVjih7Mr7ka4HRbBn5o0bA9hjrfnWO\no5Cya/k7aTGz9n9Mn/3hfy8tgFTAGMLOtxwelB7U42podFlRPoAHGTstXPOMQ3os\nAMlhxcsqdqW363dcRBMkADfmhsRBh1H/CEo+z8N6MEDGiKlBY3sezP5teYbiynxw\nKlwY5kLHjbr8WG4YRIMjhC5BkCtEXA6yJNeUXmtwlfErvGnOayxBzRAYFnOMHOP3\nQHgo6BJH6TDA3abtCn+nSURoElveubxLfd11796FqA8CggEAQtOclvvAl5cqlmea\nGc/X4ABLA28+xwYYAKljEBb+o2HNyfwHqXa4Xxx+8OGaK4sKh1slvNV/IjiLvLoI\n9Pwjiuwl6DY1CgDuXarU+J+9NFVtbkpTj83deWJuZJJE7JiN+K+K8D/ME8IRWCtd\nViHzLlaUjJiBvwsU/tAmcMLTAodA8Q6aZbCD+9iduBbrPFdHZx9Zd/N0m5Tjt9zl\nhV+jia4tufjVDMeau8GPms94NiME0KMV/m67/9591TTxM9h6JkJTNXjnT4VTS1KZ\na5Ztva0ahWrmDY1h6kSoB6nP/u4LDwxWoebjeUs7CneA2aRQCUrdDLTiAET/bIVG\nM20bwQKCAQEAtIJMDnxhTzM7VB6QDqIGbfdK6R9vGoXrTHHFcrzD1mhJuUJTI9wz\nzx2WLoeIZ0NGOP3XbKq6LExTs1GidqhnboCiBlq3f5IJjoShlHdKlCZf+PW2TePU\nZmyoeCFi0IHqcCRGlvirOI7sL8BCNzh9+syDkXPxcyvE2OkG035/5toB3mq/YxtS\nUh/sMucr5DDX2CEm02ws5pKsao7YaQH0n+rN8qmMQ2JaaFLz8k1g4t9I3OIbZ0l3\nSuajed/ctZ45wGRDrwP2OhGq4QnkJe++DEgqie8CSQVkZsMTeCq5bKVBX4NGvC0v\nhzyPchub5PVi5IDgBIf8446nN4qIl8Mz1QKCAQEArE8OrreOoJrjZE8NM0Krm+08\nU5txjc6AK7VVQmYrqEU8KEEib8NDZupqkzItBKlsSXVu4QcLHLynZ3LtX+e15LrK\njQcSi2A5u2ni6IJFCi/AxRoC9x+5YcrtLuNah93rRokJPK/sn2Z6b2s7zzYXoqjw\n/KLVj1GiJO5afEWmvbN4EQ18DANZBKPUZd00vyTz2x2aXRe9sxyQsktFLR16TeLM\nazxqaUzsbP3/xPQD97Ia1eufyyUPa9kT2gjZSSEgKIiiJozp9WdgokGqniwVjwG+\na8nxes1dkAcWypL4QySIv3Zy3Pu2K11x5S8IlCyBPylRSJX1wdcND9l34EQUNA==\n-----END RSA PRIVATE KEY-----\n",
      "type": "string"
    }
  },
  "resources": [
    {
      "mode": "managed",
      "type": "azurerm_linux_virtual_machine",
      "name": "myterraformvm",
      "provider": "provider[\"registry.terraform.io/hashicorp/azurerm\"]",
      "instances": [
        {
          "schema_version": 0,
          "attributes": {
            "additional_capabilities": [],
            "admin_password": null,
            "admin_ssh_key": [
              {
                "public_key": "ssh-rsa AAAAB3NzaC1yc2EAAAADAQABAAACAQCnmnx874e1s9tUa2qzU1MT5pnLJNGRfeqPeDEbaTUlfJh7au3x9wWTbHJ/izRup/hTNB1LMgoUv/SEo+Wqe0xtCXZLzPR0AJLgjB+53VacdR5azNKaXfJQqdlENhDRuKh9IX/YTNwvIo+k37Ms6HOaQBDg8At2ZXP6id5/j0dCkv5OPOCfbpfnMqtgPNd7xp82PVISScwCI6HeYtab4pupWOBEfeeej0CZ5NSeydKoVG2uXWrHWzp85YXddlAHLT7mnkAffDPMyDyHhTEj6+5uZ645Mz2u9Jt9e+eNJCcyj7WTPrCJ4jMdNWTxM0iuk5VYi5WXjJMEvZohHw5ZH+pbXIx9HOueu2MVCOmmxPqqpEQ5zJxbGsAFokcFdEhoQ8fFMhKXLOWnKq/REh7q6g0aO/9ML/zYcCLLLNlB7/z1vIHgVj1/CTc3Mv4kHhZnqVdvu6ZzDoKpaWETkUathNfg3yojQbK5+p9UspEeBK9WXBNf3lSBEHgFH5u2mxYkRVEPHFztiiZ5h+lUJL8GUIUFtE3Cy+QMnetQB7EHUbjMbH9608AGPGxuD+jvVlyn35+tP3ttqP8GBL0bK63MeFlcPmeyyYDbufKIVnvM/PckL1GnFpF826xBwQX9FHq6qAepfyp1zJehWwvRhR87kZU/8sGL34vZVKw0xne6xacQdw==\n",
                "username": "azureuser"
              }
            ],
            "admin_username": "azureuser",
            "allow_extension_operations": true,
            "availability_set_id": "",
            "boot_diagnostics": [
              {
                "storage_account_uri": "https://tfdevteststorageaccount.blob.core.windows.net/"
              }
            ],
            "computer_name": "DevTestVM",
            "custom_data": null,
            "dedicated_host_id": "",
            "disable_password_authentication": true,
            "encryption_at_host_enabled": false,
            "eviction_policy": "",
            "extensions_time_budget": "PT1H30M",
            "id": "/subscriptions/592e5a64-3d32-4ec0-9afe-123411ffc68e/resourceGroups/azuredevtestrg/providers/Microsoft.Compute/virtualMachines/DevTestVM",
            "identity": [],
            "license_type": "",
            "location": "westeurope",
            "max_bid_price": -1,
            "name": "DevTestVM",
            "network_interface_ids": [
              "/subscriptions/592e5a64-3d32-4ec0-9afe-123411ffc68e/resourceGroups/azuredevtestrg/providers/Microsoft.Network/networkInterfaces/DevTestNIC"
            ],
            "os_disk": [
              {
                "caching": "ReadWrite",
                "diff_disk_settings": [],
                "disk_encryption_set_id": "",
                "disk_size_gb": 30,
                "name": "myOsDisk",
                "storage_account_type": "Premium_LRS",
                "write_accelerator_enabled": false
              }
            ],
            "plan": [],
            "platform_fault_domain": -1,
            "priority": "Regular",
            "private_ip_address": "10.0.1.4",
            "private_ip_addresses": [
              "10.0.1.4"
            ],
            "provision_vm_agent": true,
            "proximity_placement_group_id": "",
            "public_ip_address": "20.86.106.57",
            "public_ip_addresses": [
              "20.86.106.57"
            ],
            "resource_group_name": "azuredevtestrg",
            "secret": [],
            "size": "Standard_DS1_v2",
            "source_image_id": "",
            "source_image_reference": [
              {
                "offer": "UbuntuServer",
                "publisher": "Canonical",
                "sku": "18.04-LTS",
                "version": "latest"
              }
            ],
            "tags": null,
            "timeouts": null,
            "virtual_machine_id": "e3ce5eca-91f3-44c0-a837-252c48a51665",
            "virtual_machine_scale_set_id": "",
            "zone": ""
          },
          "sensitive_attributes": [],
          "private": "eyJlMmJmYjczMC1lY2FhLTExZTYtOGY4OC0zNDM2M2JjN2M0YzAiOnsiY3JlYXRlIjoyNzAwMDAwMDAwMDAwLCJkZWxldGUiOjI3MDAwMDAwMDAwMDAsInJlYWQiOjMwMDAwMDAwMDAwMCwidXBkYXRlIjoyNzAwMDAwMDAwMDAwfX0=",
          "dependencies": [
            "azurerm_network_interface.myterraformnic",
            "azurerm_resource_group.rg",
            "azurerm_storage_account.mystorageaccount",
            "tls_private_key.example_ssh"
          ]
        }
      ]
    },
    {
      "mode": "managed",
      "type": "azurerm_network_interface",
      "name": "myterraformnic",
      "provider": "provider[\"registry.terraform.io/hashicorp/azurerm\"]",
      "instances": [
        {
          "schema_version": 0,
          "attributes": {
            "applied_dns_servers": [],
            "dns_servers": [],
            "enable_accelerated_networking": false,
            "enable_ip_forwarding": false,
            "id": "/subscriptions/592e5a64-3d32-4ec0-9afe-123411ffc68e/resourceGroups/azuredevtestrg/providers/Microsoft.Network/networkInterfaces/DevTestNIC",
            "internal_dns_name_label": "",
            "internal_domain_name_suffix": "fi0ciiehglzuvibpxacv20yhnb.ax.internal.cloudapp.net",
            "ip_configuration": [
              {
                "name": "myNicConfiguration",
                "primary": true,
                "private_ip_address": "10.0.1.4",
                "private_ip_address_allocation": "Dynamic",
                "private_ip_address_version": "IPv4",
                "public_ip_address_id": "/subscriptions/592e5a64-3d32-4ec0-9afe-123411ffc68e/resourceGroups/azuredevtestrg/providers/Microsoft.Network/publicIPAddresses/DynamicPublicIP1",
                "subnet_id": "/subscriptions/592e5a64-3d32-4ec0-9afe-123411ffc68e/resourceGroups/azuredevtestrg/providers/Microsoft.Network/virtualNetworks/DevTestVnet/subnets/DevTestSubnet1"
              }
            ],
            "location": "westeurope",
            "mac_address": "",
            "name": "DevTestNIC",
            "private_ip_address": "10.0.1.4",
            "private_ip_addresses": [
              "10.0.1.4"
            ],
            "resource_group_name": "azuredevtestrg",
            "tags": {},
            "timeouts": null,
            "virtual_machine_id": ""
          },
          "sensitive_attributes": [],
          "private": "eyJlMmJmYjczMC1lY2FhLTExZTYtOGY4OC0zNDM2M2JjN2M0YzAiOnsiY3JlYXRlIjoxODAwMDAwMDAwMDAwLCJkZWxldGUiOjE4MDAwMDAwMDAwMDAsInJlYWQiOjMwMDAwMDAwMDAwMCwidXBkYXRlIjoxODAwMDAwMDAwMDAwfX0=",
          "dependencies": [
            "azurerm_public_ip.myterraformpublicip",
            "azurerm_resource_group.rg",
            "azurerm_subnet.myterraformsubnet1",
            "azurerm_virtual_network.myterraformnetwork"
          ]
        }
      ]
    },
    {
      "mode": "managed",
      "type": "azurerm_network_interface_security_group_association",
      "name": "nsgassociation",
      "provider": "provider[\"registry.terraform.io/hashicorp/azurerm\"]",
      "instances": [
        {
          "schema_version": 0,
          "attributes": {
            "id": "/subscriptions/592e5a64-3d32-4ec0-9afe-123411ffc68e/resourceGroups/azuredevtestrg/providers/Microsoft.Network/networkInterfaces/DevTestNIC|/subscriptions/592e5a64-3d32-4ec0-9afe-123411ffc68e/resourceGroups/azuredevtestrg/providers/Microsoft.Network/networkSecurityGroups/DevTestNSG",
            "network_interface_id": "/subscriptions/592e5a64-3d32-4ec0-9afe-123411ffc68e/resourceGroups/azuredevtestrg/providers/Microsoft.Network/networkInterfaces/DevTestNIC",
            "network_security_group_id": "/subscriptions/592e5a64-3d32-4ec0-9afe-123411ffc68e/resourceGroups/azuredevtestrg/providers/Microsoft.Network/networkSecurityGroups/DevTestNSG",
            "timeouts": null
          },
          "sensitive_attributes": [],
          "private": "eyJlMmJmYjczMC1lY2FhLTExZTYtOGY4OC0zNDM2M2JjN2M0YzAiOnsiY3JlYXRlIjoxODAwMDAwMDAwMDAwLCJkZWxldGUiOjE4MDAwMDAwMDAwMDAsInJlYWQiOjMwMDAwMDAwMDAwMCwidXBkYXRlIjoxODAwMDAwMDAwMDAwfX0=",
          "dependencies": [
            "azurerm_network_interface.myterraformnic",
            "azurerm_network_security_group.myterraformnsg",
            "azurerm_public_ip.myterraformpublicip",
            "azurerm_resource_group.rg",
            "azurerm_subnet.myterraformsubnet1",
            "azurerm_virtual_network.myterraformnetwork"
          ]
        }
      ]
    },
    {
      "mode": "managed",
      "type": "azurerm_network_security_group",
      "name": "myterraformnsg",
      "provider": "provider[\"registry.terraform.io/hashicorp/azurerm\"]",
      "instances": [
        {
          "schema_version": 0,
          "attributes": {
            "id": "/subscriptions/592e5a64-3d32-4ec0-9afe-123411ffc68e/resourceGroups/azuredevtestrg/providers/Microsoft.Network/networkSecurityGroups/DevTestNSG",
            "location": "westeurope",
            "name": "DevTestNSG",
            "resource_group_name": "azuredevtestrg",
            "security_rule": [
              {
                "access": "Allow",
                "description": "",
                "destination_address_prefix": "*",
                "destination_address_prefixes": [],
                "destination_application_security_group_ids": [],
                "destination_port_range": "22",
                "destination_port_ranges": [],
                "direction": "Inbound",
                "name": "SSH",
                "priority": 1001,
                "protocol": "Tcp",
                "source_address_prefix": "*",
                "source_address_prefixes": [],
                "source_application_security_group_ids": [],
                "source_port_range": "*",
                "source_port_ranges": []
              }
            ],
            "tags": {},
            "timeouts": null
          },
          "sensitive_attributes": [],
          "private": "eyJlMmJmYjczMC1lY2FhLTExZTYtOGY4OC0zNDM2M2JjN2M0YzAiOnsiY3JlYXRlIjoxODAwMDAwMDAwMDAwLCJkZWxldGUiOjE4MDAwMDAwMDAwMDAsInJlYWQiOjMwMDAwMDAwMDAwMCwidXBkYXRlIjoxODAwMDAwMDAwMDAwfX0=",
          "dependencies": [
            "azurerm_resource_group.rg"
          ]
        }
      ]
    },
    {
      "mode": "managed",
      "type": "azurerm_public_ip",
      "name": "myterraformpublicip",
      "provider": "provider[\"registry.terraform.io/hashicorp/azurerm\"]",
      "instances": [
        {
          "schema_version": 0,
          "attributes": {
            "allocation_method": "Dynamic",
            "domain_name_label": null,
            "fqdn": null,
            "id": "/subscriptions/592e5a64-3d32-4ec0-9afe-123411ffc68e/resourceGroups/azuredevtestrg/providers/Microsoft.Network/publicIPAddresses/DynamicPublicIP1",
            "idle_timeout_in_minutes": 4,
            "ip_address": "",
            "ip_version": "IPv4",
            "location": "westeurope",
            "name": "DynamicPublicIP1",
            "public_ip_prefix_id": null,
            "resource_group_name": "azuredevtestrg",
            "reverse_fqdn": null,
            "sku": "Basic",
            "tags": {},
            "timeouts": null,
            "zones": []
          },
          "sensitive_attributes": [],
          "private": "eyJlMmJmYjczMC1lY2FhLTExZTYtOGY4OC0zNDM2M2JjN2M0YzAiOnsiY3JlYXRlIjoxODAwMDAwMDAwMDAwLCJkZWxldGUiOjE4MDAwMDAwMDAwMDAsInJlYWQiOjMwMDAwMDAwMDAwMCwidXBkYXRlIjoxODAwMDAwMDAwMDAwfX0=",
          "dependencies": [
            "azurerm_resource_group.rg"
          ]
        }
      ]
    },
    {
      "mode": "managed",
      "type": "azurerm_resource_group",
      "name": "rg",
      "provider": "provider[\"registry.terraform.io/hashicorp/azurerm\"]",
      "instances": [
        {
          "schema_version": 0,
          "attributes": {
            "id": "/subscriptions/592e5a64-3d32-4ec0-9afe-123411ffc68e/resourceGroups/azuredevtestrg",
            "location": "westeurope",
            "name": "azuredevtestrg",
            "tags": {},
            "timeouts": null
          },
          "sensitive_attributes": [],
          "private": "eyJlMmJmYjczMC1lY2FhLTExZTYtOGY4OC0zNDM2M2JjN2M0YzAiOnsiY3JlYXRlIjo1NDAwMDAwMDAwMDAwLCJkZWxldGUiOjU0MDAwMDAwMDAwMDAsInJlYWQiOjMwMDAwMDAwMDAwMCwidXBkYXRlIjo1NDAwMDAwMDAwMDAwfX0="
        }
      ]
    },
    {
      "mode": "managed",
      "type": "azurerm_resource_group",
      "name": "vnet",
      "provider": "provider[\"registry.terraform.io/hashicorp/azurerm\"]",
      "instances": [
        {
          "schema_version": 0,
          "attributes": {
            "id": "/subscriptions/592e5a64-3d32-4ec0-9afe-123411ffc68e/resourceGroups/DevTestVnet",
            "location": "westeurope",
            "name": "DevTestVnet",
            "tags": {},
            "timeouts": null
          },
          "sensitive_attributes": [],
          "private": "eyJlMmJmYjczMC1lY2FhLTExZTYtOGY4OC0zNDM2M2JjN2M0YzAiOnsiY3JlYXRlIjo1NDAwMDAwMDAwMDAwLCJkZWxldGUiOjU0MDAwMDAwMDAwMDAsInJlYWQiOjMwMDAwMDAwMDAwMCwidXBkYXRlIjo1NDAwMDAwMDAwMDAwfX0="
        }
      ]
    },
    {
      "mode": "managed",
      "type": "azurerm_route_table",
      "name": "RouteTable1",
      "provider": "provider[\"registry.terraform.io/hashicorp/azurerm\"]",
      "instances": [
        {
          "schema_version": 0,
          "attributes": {
            "disable_bgp_route_propagation": false,
            "id": "/subscriptions/592e5a64-3d32-4ec0-9afe-123411ffc68e/resourceGroups/azuredevtestrg/providers/Microsoft.Network/routeTables/DevTestRouteTable1",
            "location": "westeurope",
            "name": "DevTestRouteTable1",
            "resource_group_name": "azuredevtestrg",
            "route": [
              {
                "address_prefix": "10.0.0.0/16",
                "name": "route1",
                "next_hop_in_ip_address": "",
                "next_hop_type": "VnetLocal"
              },
              {
                "address_prefix": "10.0.2.0/24",
                "name": "route2",
                "next_hop_in_ip_address": "",
                "next_hop_type": "VnetLocal"
              },
              {
                "address_prefix": "10.0.3.0/24",
                "name": "route3",
                "next_hop_in_ip_address": "",
                "next_hop_type": "VnetLocal"
              }
            ],
            "subnets": [
              "/subscriptions/592e5a64-3d32-4ec0-9afe-123411ffc68e/resourceGroups/azuredevtestrg/providers/Microsoft.Network/virtualNetworks/DevTestVnet/subnets/DevTestSubnet1"
            ],
            "tags": {},
            "timeouts": null
          },
          "sensitive_attributes": [],
          "private": "eyJlMmJmYjczMC1lY2FhLTExZTYtOGY4OC0zNDM2M2JjN2M0YzAiOnsiY3JlYXRlIjoxODAwMDAwMDAwMDAwLCJkZWxldGUiOjE4MDAwMDAwMDAwMDAsInJlYWQiOjMwMDAwMDAwMDAwMCwidXBkYXRlIjoxODAwMDAwMDAwMDAwfX0=",
          "dependencies": [
            "azurerm_resource_group.rg"
          ]
        }
      ]
    },
    {
      "mode": "managed",
      "type": "azurerm_route_table",
      "name": "RouteTable2",
      "provider": "provider[\"registry.terraform.io/hashicorp/azurerm\"]",
      "instances": [
        {
          "schema_version": 0,
          "attributes": {
            "disable_bgp_route_propagation": false,
            "id": "/subscriptions/592e5a64-3d32-4ec0-9afe-123411ffc68e/resourceGroups/azuredevtestrg/providers/Microsoft.Network/routeTables/DevTestRouteTable2",
            "location": "westeurope",
            "name": "DevTestRouteTable2",
            "resource_group_name": "azuredevtestrg",
            "route": [
              {
                "address_prefix": "10.0.0.0/16",
                "name": "route1",
                "next_hop_in_ip_address": "",
                "next_hop_type": "VnetLocal"
              },
              {
                "address_prefix": "10.0.1.0/24",
                "name": "route2",
                "next_hop_in_ip_address": "",
                "next_hop_type": "VnetLocal"
              },
              {
                "address_prefix": "10.0.3.0/24",
                "name": "route3",
                "next_hop_in_ip_address": "",
                "next_hop_type": "VnetLocal"
              }
            ],
            "subnets": [
              "/subscriptions/592e5a64-3d32-4ec0-9afe-123411ffc68e/resourceGroups/azuredevtestrg/providers/Microsoft.Network/virtualNetworks/DevTestVnet/subnets/DevTestSubnet2"
            ],
            "tags": {},
            "timeouts": null
          },
          "sensitive_attributes": [],
          "private": "eyJlMmJmYjczMC1lY2FhLTExZTYtOGY4OC0zNDM2M2JjN2M0YzAiOnsiY3JlYXRlIjoxODAwMDAwMDAwMDAwLCJkZWxldGUiOjE4MDAwMDAwMDAwMDAsInJlYWQiOjMwMDAwMDAwMDAwMCwidXBkYXRlIjoxODAwMDAwMDAwMDAwfX0=",
          "dependencies": [
            "azurerm_resource_group.rg"
          ]
        }
      ]
    },
    {
      "mode": "managed",
      "type": "azurerm_route_table",
      "name": "RouteTable3",
      "provider": "provider[\"registry.terraform.io/hashicorp/azurerm\"]",
      "instances": [
        {
          "schema_version": 0,
          "attributes": {
            "disable_bgp_route_propagation": false,
            "id": "/subscriptions/592e5a64-3d32-4ec0-9afe-123411ffc68e/resourceGroups/azuredevtestrg/providers/Microsoft.Network/routeTables/DevTestRouteTable3",
            "location": "westeurope",
            "name": "DevTestRouteTable3",
            "resource_group_name": "azuredevtestrg",
            "route": [
              {
                "address_prefix": "10.0.0.0/16",
                "name": "route1",
                "next_hop_in_ip_address": "",
                "next_hop_type": "VnetLocal"
              },
              {
                "address_prefix": "10.0.1.0/24",
                "name": "route2",
                "next_hop_in_ip_address": "",
                "next_hop_type": "VnetLocal"
              },
              {
                "address_prefix": "10.0.2.0/24",
                "name": "route3",
                "next_hop_in_ip_address": "",
                "next_hop_type": "VnetLocal"
              }
            ],
            "subnets": [
              "/subscriptions/592e5a64-3d32-4ec0-9afe-123411ffc68e/resourceGroups/azuredevtestrg/providers/Microsoft.Network/virtualNetworks/DevTestVnet/subnets/DevTestSubnet3"
            ],
            "tags": {},
            "timeouts": null
          },
          "sensitive_attributes": [],
          "private": "eyJlMmJmYjczMC1lY2FhLTExZTYtOGY4OC0zNDM2M2JjN2M0YzAiOnsiY3JlYXRlIjoxODAwMDAwMDAwMDAwLCJkZWxldGUiOjE4MDAwMDAwMDAwMDAsInJlYWQiOjMwMDAwMDAwMDAwMCwidXBkYXRlIjoxODAwMDAwMDAwMDAwfX0=",
          "dependencies": [
            "azurerm_resource_group.rg"
          ]
        }
      ]
    },
    {
      "mode": "managed",
      "type": "azurerm_storage_account",
      "name": "mystorageaccount",
      "provider": "provider[\"registry.terraform.io/hashicorp/azurerm\"]",
      "instances": [
        {
          "schema_version": 2,
          "attributes": {
            "access_tier": "Hot",
            "account_kind": "StorageV2",
            "account_replication_type": "LRS",
            "account_tier": "Standard",
            "allow_blob_public_access": false,
            "blob_properties": [],
            "custom_domain": [],
            "enable_https_traffic_only": true,
            "id": "/subscriptions/592e5a64-3d32-4ec0-9afe-123411ffc68e/resourceGroups/azuredevtestrg/providers/Microsoft.Storage/storageAccounts/tfdevteststorageaccount",
            "identity": [],
            "is_hns_enabled": false,
            "large_file_share_enabled": null,
            "location": "westeurope",
            "min_tls_version": "TLS1_0",
            "name": "tfdevteststorageaccount",
            "network_rules": [
              {
                "bypass": [
                  "AzureServices"
                ],
                "default_action": "Allow",
                "ip_rules": [],
                "virtual_network_subnet_ids": []
              }
            ],
            "primary_access_key": "I9UyU2D5pTfIAX0zTyqWYsGthTJEocS884qFgoJW6VwCAc5RWIssDvFRX+QWZzjbG5fQoLDH+g/mpocf0Q8lRA==",
            "primary_blob_connection_string": "DefaultEndpointsProtocol=https;BlobEndpoint=https://tfdevteststorageaccount.blob.core.windows.net/;AccountName=tfdevteststorageaccount;AccountKey=I9UyU2D5pTfIAX0zTyqWYsGthTJEocS884qFgoJW6VwCAc5RWIssDvFRX+QWZzjbG5fQoLDH+g/mpocf0Q8lRA==",
            "primary_blob_endpoint": "https://tfdevteststorageaccount.blob.core.windows.net/",
            "primary_blob_host": "tfdevteststorageaccount.blob.core.windows.net",
            "primary_connection_string": "DefaultEndpointsProtocol=https;AccountName=tfdevteststorageaccount;AccountKey=I9UyU2D5pTfIAX0zTyqWYsGthTJEocS884qFgoJW6VwCAc5RWIssDvFRX+QWZzjbG5fQoLDH+g/mpocf0Q8lRA==;EndpointSuffix=core.windows.net",
            "primary_dfs_endpoint": "https://tfdevteststorageaccount.dfs.core.windows.net/",
            "primary_dfs_host": "tfdevteststorageaccount.dfs.core.windows.net",
            "primary_file_endpoint": "https://tfdevteststorageaccount.file.core.windows.net/",
            "primary_file_host": "tfdevteststorageaccount.file.core.windows.net",
            "primary_location": "westeurope",
            "primary_queue_endpoint": "https://tfdevteststorageaccount.queue.core.windows.net/",
            "primary_queue_host": "tfdevteststorageaccount.queue.core.windows.net",
            "primary_table_endpoint": "https://tfdevteststorageaccount.table.core.windows.net/",
            "primary_table_host": "tfdevteststorageaccount.table.core.windows.net",
            "primary_web_endpoint": "https://tfdevteststorageaccount.z6.web.core.windows.net/",
            "primary_web_host": "tfdevteststorageaccount.z6.web.core.windows.net",
            "queue_properties": [
              {
                "cors_rule": [],
                "hour_metrics": [
                  {
                    "enabled": true,
                    "include_apis": true,
                    "retention_policy_days": 7,
                    "version": "1.0"
                  }
                ],
                "logging": [
                  {
                    "delete": false,
                    "read": false,
                    "retention_policy_days": 0,
                    "version": "1.0",
                    "write": false
                  }
                ],
                "minute_metrics": [
                  {
                    "enabled": false,
                    "include_apis": false,
                    "retention_policy_days": 0,
                    "version": "1.0"
                  }
                ]
              }
            ],
            "resource_group_name": "azuredevtestrg",
            "secondary_access_key": "/nUlADAeflsD5weON9tTfkbe4r26GjvTVQwtIbPngAutw/hsPnvs1gwvE+8dnfBDqAV2rWT4vUQqxjNlVGg2sg==",
            "secondary_blob_connection_string": "",
            "secondary_blob_endpoint": null,
            "secondary_blob_host": null,
            "secondary_connection_string": "DefaultEndpointsProtocol=https;AccountName=tfdevteststorageaccount;AccountKey=/nUlADAeflsD5weON9tTfkbe4r26GjvTVQwtIbPngAutw/hsPnvs1gwvE+8dnfBDqAV2rWT4vUQqxjNlVGg2sg==;EndpointSuffix=core.windows.net",
            "secondary_dfs_endpoint": null,
            "secondary_dfs_host": null,
            "secondary_file_endpoint": null,
            "secondary_file_host": null,
            "secondary_location": "",
            "secondary_queue_endpoint": null,
            "secondary_queue_host": null,
            "secondary_table_endpoint": null,
            "secondary_table_host": null,
            "secondary_web_endpoint": null,
            "secondary_web_host": null,
            "static_website": [],
            "tags": null,
            "timeouts": null
          },
          "sensitive_attributes": [],
          "private": "eyJlMmJmYjczMC1lY2FhLTExZTYtOGY4OC0zNDM2M2JjN2M0YzAiOnsiY3JlYXRlIjozNjAwMDAwMDAwMDAwLCJkZWxldGUiOjM2MDAwMDAwMDAwMDAsInJlYWQiOjMwMDAwMDAwMDAwMCwidXBkYXRlIjozNjAwMDAwMDAwMDAwfSwic2NoZW1hX3ZlcnNpb24iOiIyIn0=",
          "dependencies": [
            "azurerm_resource_group.rg"
          ]
        }
      ]
    },
    {
      "mode": "managed",
      "type": "azurerm_subnet",
      "name": "myterraformsubnet1",
      "provider": "provider[\"registry.terraform.io/hashicorp/azurerm\"]",
      "instances": [
        {
          "schema_version": 0,
          "attributes": {
            "address_prefix": "10.0.1.0/24",
            "address_prefixes": [
              "10.0.1.0/24"
            ],
            "delegation": [],
            "enforce_private_link_endpoint_network_policies": false,
            "enforce_private_link_service_network_policies": false,
            "id": "/subscriptions/592e5a64-3d32-4ec0-9afe-123411ffc68e/resourceGroups/azuredevtestrg/providers/Microsoft.Network/virtualNetworks/DevTestVnet/subnets/DevTestSubnet1",
            "name": "DevTestSubnet1",
            "resource_group_name": "azuredevtestrg",
            "service_endpoint_policy_ids": [],
            "service_endpoints": [],
            "timeouts": null,
            "virtual_network_name": "DevTestVnet"
          },
          "sensitive_attributes": [],
          "private": "eyJlMmJmYjczMC1lY2FhLTExZTYtOGY4OC0zNDM2M2JjN2M0YzAiOnsiY3JlYXRlIjoxODAwMDAwMDAwMDAwLCJkZWxldGUiOjE4MDAwMDAwMDAwMDAsInJlYWQiOjMwMDAwMDAwMDAwMCwidXBkYXRlIjoxODAwMDAwMDAwMDAwfX0=",
          "dependencies": [
            "azurerm_resource_group.rg",
            "azurerm_virtual_network.myterraformnetwork"
          ]
        }
      ]
    },
    {
      "mode": "managed",
      "type": "azurerm_subnet",
      "name": "myterraformsubnet2",
      "provider": "provider[\"registry.terraform.io/hashicorp/azurerm\"]",
      "instances": [
        {
          "schema_version": 0,
          "attributes": {
            "address_prefix": "10.0.2.0/24",
            "address_prefixes": [
              "10.0.2.0/24"
            ],
            "delegation": [],
            "enforce_private_link_endpoint_network_policies": false,
            "enforce_private_link_service_network_policies": false,
            "id": "/subscriptions/592e5a64-3d32-4ec0-9afe-123411ffc68e/resourceGroups/azuredevtestrg/providers/Microsoft.Network/virtualNetworks/DevTestVnet/subnets/DevTestSubnet2",
            "name": "DevTestSubnet2",
            "resource_group_name": "azuredevtestrg",
            "service_endpoint_policy_ids": [],
            "service_endpoints": [],
            "timeouts": null,
            "virtual_network_name": "DevTestVnet"
          },
          "sensitive_attributes": [],
          "private": "eyJlMmJmYjczMC1lY2FhLTExZTYtOGY4OC0zNDM2M2JjN2M0YzAiOnsiY3JlYXRlIjoxODAwMDAwMDAwMDAwLCJkZWxldGUiOjE4MDAwMDAwMDAwMDAsInJlYWQiOjMwMDAwMDAwMDAwMCwidXBkYXRlIjoxODAwMDAwMDAwMDAwfX0=",
          "dependencies": [
            "azurerm_resource_group.rg",
            "azurerm_virtual_network.myterraformnetwork"
          ]
        }
      ]
    },
    {
      "mode": "managed",
      "type": "azurerm_subnet",
      "name": "myterraformsubnet3",
      "provider": "provider[\"registry.terraform.io/hashicorp/azurerm\"]",
      "instances": [
        {
          "schema_version": 0,
          "attributes": {
            "address_prefix": "10.0.3.0/24",
            "address_prefixes": [
              "10.0.3.0/24"
            ],
            "delegation": [],
            "enforce_private_link_endpoint_network_policies": false,
            "enforce_private_link_service_network_policies": false,
            "id": "/subscriptions/592e5a64-3d32-4ec0-9afe-123411ffc68e/resourceGroups/azuredevtestrg/providers/Microsoft.Network/virtualNetworks/DevTestVnet/subnets/DevTestSubnet3",
            "name": "DevTestSubnet3",
            "resource_group_name": "azuredevtestrg",
            "service_endpoint_policy_ids": [],
            "service_endpoints": [],
            "timeouts": null,
            "virtual_network_name": "DevTestVnet"
          },
          "sensitive_attributes": [],
          "private": "eyJlMmJmYjczMC1lY2FhLTExZTYtOGY4OC0zNDM2M2JjN2M0YzAiOnsiY3JlYXRlIjoxODAwMDAwMDAwMDAwLCJkZWxldGUiOjE4MDAwMDAwMDAwMDAsInJlYWQiOjMwMDAwMDAwMDAwMCwidXBkYXRlIjoxODAwMDAwMDAwMDAwfX0=",
          "dependencies": [
            "azurerm_resource_group.rg",
            "azurerm_virtual_network.myterraformnetwork"
          ]
        }
      ]
    },
    {
      "mode": "managed",
      "type": "azurerm_subnet_route_table_association",
      "name": "rtb1",
      "provider": "provider[\"registry.terraform.io/hashicorp/azurerm\"]",
      "instances": [
        {
          "schema_version": 0,
          "attributes": {
            "id": "/subscriptions/592e5a64-3d32-4ec0-9afe-123411ffc68e/resourceGroups/azuredevtestrg/providers/Microsoft.Network/virtualNetworks/DevTestVnet/subnets/DevTestSubnet1",
            "route_table_id": "/subscriptions/592e5a64-3d32-4ec0-9afe-123411ffc68e/resourceGroups/azuredevtestrg/providers/Microsoft.Network/routeTables/DevTestRouteTable1",
            "subnet_id": "/subscriptions/592e5a64-3d32-4ec0-9afe-123411ffc68e/resourceGroups/azuredevtestrg/providers/Microsoft.Network/virtualNetworks/DevTestVnet/subnets/DevTestSubnet1",
            "timeouts": null
          },
          "sensitive_attributes": [],
          "private": "eyJlMmJmYjczMC1lY2FhLTExZTYtOGY4OC0zNDM2M2JjN2M0YzAiOnsiY3JlYXRlIjoxODAwMDAwMDAwMDAwLCJkZWxldGUiOjE4MDAwMDAwMDAwMDAsInJlYWQiOjMwMDAwMDAwMDAwMCwidXBkYXRlIjoxODAwMDAwMDAwMDAwfX0=",
          "dependencies": [
            "azurerm_resource_group.rg",
            "azurerm_route_table.RouteTable1",
            "azurerm_subnet.myterraformsubnet1",
            "azurerm_virtual_network.myterraformnetwork"
          ]
        }
      ]
    },
    {
      "mode": "managed",
      "type": "azurerm_subnet_route_table_association",
      "name": "rtb2",
      "provider": "provider[\"registry.terraform.io/hashicorp/azurerm\"]",
      "instances": [
        {
          "schema_version": 0,
          "attributes": {
            "id": "/subscriptions/592e5a64-3d32-4ec0-9afe-123411ffc68e/resourceGroups/azuredevtestrg/providers/Microsoft.Network/virtualNetworks/DevTestVnet/subnets/DevTestSubnet2",
            "route_table_id": "/subscriptions/592e5a64-3d32-4ec0-9afe-123411ffc68e/resourceGroups/azuredevtestrg/providers/Microsoft.Network/routeTables/DevTestRouteTable2",
            "subnet_id": "/subscriptions/592e5a64-3d32-4ec0-9afe-123411ffc68e/resourceGroups/azuredevtestrg/providers/Microsoft.Network/virtualNetworks/DevTestVnet/subnets/DevTestSubnet2",
            "timeouts": null
          },
          "sensitive_attributes": [],
          "private": "eyJlMmJmYjczMC1lY2FhLTExZTYtOGY4OC0zNDM2M2JjN2M0YzAiOnsiY3JlYXRlIjoxODAwMDAwMDAwMDAwLCJkZWxldGUiOjE4MDAwMDAwMDAwMDAsInJlYWQiOjMwMDAwMDAwMDAwMCwidXBkYXRlIjoxODAwMDAwMDAwMDAwfX0=",
          "dependencies": [
            "azurerm_resource_group.rg",
            "azurerm_route_table.RouteTable2",
            "azurerm_subnet.myterraformsubnet2",
            "azurerm_virtual_network.myterraformnetwork"
          ]
        }
      ]
    },
    {
      "mode": "managed",
      "type": "azurerm_subnet_route_table_association",
      "name": "rtb3",
      "provider": "provider[\"registry.terraform.io/hashicorp/azurerm\"]",
      "instances": [
        {
          "schema_version": 0,
          "attributes": {
            "id": "/subscriptions/592e5a64-3d32-4ec0-9afe-123411ffc68e/resourceGroups/azuredevtestrg/providers/Microsoft.Network/virtualNetworks/DevTestVnet/subnets/DevTestSubnet3",
            "route_table_id": "/subscriptions/592e5a64-3d32-4ec0-9afe-123411ffc68e/resourceGroups/azuredevtestrg/providers/Microsoft.Network/routeTables/DevTestRouteTable3",
            "subnet_id": "/subscriptions/592e5a64-3d32-4ec0-9afe-123411ffc68e/resourceGroups/azuredevtestrg/providers/Microsoft.Network/virtualNetworks/DevTestVnet/subnets/DevTestSubnet3",
            "timeouts": null
          },
          "sensitive_attributes": [],
          "private": "eyJlMmJmYjczMC1lY2FhLTExZTYtOGY4OC0zNDM2M2JjN2M0YzAiOnsiY3JlYXRlIjoxODAwMDAwMDAwMDAwLCJkZWxldGUiOjE4MDAwMDAwMDAwMDAsInJlYWQiOjMwMDAwMDAwMDAwMCwidXBkYXRlIjoxODAwMDAwMDAwMDAwfX0=",
          "dependencies": [
            "azurerm_resource_group.rg",
            "azurerm_route_table.RouteTable3",
            "azurerm_subnet.myterraformsubnet3",
            "azurerm_virtual_network.myterraformnetwork"
          ]
        }
      ]
    },
    {
      "mode": "managed",
      "type": "azurerm_virtual_network",
      "name": "myterraformnetwork",
      "provider": "provider[\"registry.terraform.io/hashicorp/azurerm\"]",
      "instances": [
        {
          "schema_version": 0,
          "attributes": {
            "address_space": [
              "10.0.0.0/16"
            ],
            "bgp_community": "",
            "ddos_protection_plan": [],
            "dns_servers": [],
            "guid": "2024342a-3287-4af3-a02f-b8055e6b0769",
            "id": "/subscriptions/592e5a64-3d32-4ec0-9afe-123411ffc68e/resourceGroups/azuredevtestrg/providers/Microsoft.Network/virtualNetworks/DevTestVnet",
            "location": "westeurope",
            "name": "DevTestVnet",
            "resource_group_name": "azuredevtestrg",
            "subnet": [
              {
                "address_prefix": "10.0.1.0/24",
                "id": "/subscriptions/592e5a64-3d32-4ec0-9afe-123411ffc68e/resourceGroups/azuredevtestrg/providers/Microsoft.Network/virtualNetworks/DevTestVnet/subnets/DevTestSubnet1",
                "name": "DevTestSubnet1",
                "security_group": ""
              },
              {
                "address_prefix": "10.0.2.0/24",
                "id": "/subscriptions/592e5a64-3d32-4ec0-9afe-123411ffc68e/resourceGroups/azuredevtestrg/providers/Microsoft.Network/virtualNetworks/DevTestVnet/subnets/DevTestSubnet2",
                "name": "DevTestSubnet2",
                "security_group": ""
              },
              {
                "address_prefix": "10.0.3.0/24",
                "id": "/subscriptions/592e5a64-3d32-4ec0-9afe-123411ffc68e/resourceGroups/azuredevtestrg/providers/Microsoft.Network/virtualNetworks/DevTestVnet/subnets/DevTestSubnet3",
                "name": "DevTestSubnet3",
                "security_group": ""
              }
            ],
            "tags": {
              "environment": "Terraform Demo"
            },
            "timeouts": null,
            "vm_protection_enabled": false
          },
          "sensitive_attributes": [],
          "private": "eyJlMmJmYjczMC1lY2FhLTExZTYtOGY4OC0zNDM2M2JjN2M0YzAiOnsiY3JlYXRlIjoxODAwMDAwMDAwMDAwLCJkZWxldGUiOjE4MDAwMDAwMDAwMDAsInJlYWQiOjMwMDAwMDAwMDAwMCwidXBkYXRlIjoxODAwMDAwMDAwMDAwfX0=",
          "dependencies": [
            "azurerm_resource_group.rg"
          ]
        }
      ]
    },
    {
      "mode": "managed",
      "type": "tls_private_key",
      "name": "example_ssh",
      "provider": "provider[\"registry.terraform.io/hashicorp/tls\"]",
      "instances": [
        {
          "schema_version": 0,
          "attributes": {
            "algorithm": "RSA",
            "ecdsa_curve": "P224",
            "id": "4698c02d310fa5b2bc49ad59717c4049c329d130",
            "private_key_pem": "-----BEGIN RSA PRIVATE KEY-----\nMIIJKgIBAAKCAgEAp5p8fO+HtbPbVGtqs1NTE+aZyyTRkX3qj3gxG2k1JXyYe2rt\n8fcFk2xyf4s0bqf4UzQdSzIKFL/0hKPlqntMbQl2S8z0dACS4Iwfud1WnHUeWszS\nml3yUKnZRDYQ0biofSF/2EzcLyKPpN+zLOhzmkAQ4PALdmVz+onef49HQpL+Tjzg\nn26X5zKrYDzXe8afNj1SEknMAiOh3mLWm+KbqVjgRH3nno9AmeTUnsnSqFRtrl1q\nx1s6fOWF3XZQBy0+5p5AH3wzzMg8h4UxI+vubmeuOTM9rvSbfXvnjSQnMo+1kz6w\nieIzHTVk8TNIrpOVWIuVl4yTBL2aIR8OWR/qW1yMfRzrnrtjFQjppsT6qqREOcyc\nWxrABaJHBXRIaEPHxTISlyzlpyqv0RIe6uoNGjv/TC/82HAiyyzZQe/89byB4FY9\nfwk3NzL+JB4WZ6lXb7umcw6CqWlhE5FGrYTX4N8qI0GyufqfVLKRHgSvVlwTX95U\ngRB4BR+btpsWJEVRDxxc7YomeYfpVCS/BlCFBbRNwsvkDJ3rUAexB1G4zGx/etPA\nBjxsbg/o71Zcp9+frT97baj/BgS9GyutzHhZXD5nssmA27nyiFZ7zPz3JC9RpxaR\nfNusQcEF/RR6uqgHqX8qdcyXoVsL0YUfO5GVP/LBi9+L2VSsNMZ3usWnEHcCAwEA\nAQKCAgEAiNsiz7mfbQWCEPrtU6S0b8max0A3R8AzqhcQsjtERGnq8Mwto6h7ixfA\nntkCZWEO6pHhYadoh+z+MtjKDl1D2L0jNV4UNizJwkVpGpHbyUHxGV+qkJYp6Sfn\n20Tyku1f111lUS/hkzN7a7umSQM+cjPiFGquUW0iOPAfGLXcEEaLFUOsf0MFEqpT\nOfA0XEOhed60h25vAUgrQrYeW4e8Z5nE9uiAGv8KVx99ZnOSahUWwoxRRpv9tEKO\n/nk/e7y8Yf/SiGMYwRy4IEjoCVb7iHds0hQ/R/9AgESOnLdqsmSadbN43/4ukqko\n1bN0o+iqyHSiH++PlQ1lL6p2QtxGtiUgwMXb+//kcCDcKTZiDesg7vdeCdiqcB1a\nlI+E1MdNfMqfcKxdYXhhB6J0PbgfR66d+TY/3t5nSyI0uuh3M5Iyxa0/bbrd0nJa\nnMS7Xf/YqiazltTbkPJmeaqHpIFOHsJ3Ebn+vM2P/o9QMrWQzGI0rL96BqsgXHNf\nmAzQLOIQtPSW2SH9HfUY2EniBCT4yDHPYzLFZoPBZtcjHR+4yPWqXzv4vWHqDi+m\nxKOynzttjL/h+Toy67p+ao5RmUxFODEbfejELAIqQ4nczg6OGCMVgNdN+FddZkdh\nensARs64S38+iaio9t20y4QI9djA/wSklqlrL/Hi0okmbmb8SSECggEBANA8XZv/\n5b/Tn5GaWKD8OQ9jKjV8kfHXrLqWlnaH661uVzJ2bbYrc6fWTLMtagHQ8bcJmtOi\n3CmTTd39Jd37Ck90X6z9JISysDuCzqw3ky8QellKUest1KinMN7Nk+ZDH3ek5pUd\ndcUppDPDf99F7nnWjZ9eJFDIcqJKQ5bygr4zprXkSkCYabSXDGARkWvTQLw2Jd7a\n26rQkdQwRDDAIgAFWTKeIDPDVEVJRGkneUz3Rar9c5plyXPoNmFowbB29+cHaxxJ\n91a4dpx06IKtDWPxGp0622RvlfQzP1i7P7FL+h9AC3gIomynu7Y4a7YOuV+ocHag\ndX9a2PiPLM0c6RkCggEBAM4MLx/h9t3NlzbccitnGiNAGGaQV7kb5Ms0AekgiMaY\n8Fs6Z1kO2LJcJLAYpMsgJ6Yy/kEgZI0tmJtVjih7Mr7ka4HRbBn5o0bA9hjrfnWO\no5Cya/k7aTGz9n9Mn/3hfy8tgFTAGMLOtxwelB7U42podFlRPoAHGTstXPOMQ3os\nAMlhxcsqdqW363dcRBMkADfmhsRBh1H/CEo+z8N6MEDGiKlBY3sezP5teYbiynxw\nKlwY5kLHjbr8WG4YRIMjhC5BkCtEXA6yJNeUXmtwlfErvGnOayxBzRAYFnOMHOP3\nQHgo6BJH6TDA3abtCn+nSURoElveubxLfd11796FqA8CggEAQtOclvvAl5cqlmea\nGc/X4ABLA28+xwYYAKljEBb+o2HNyfwHqXa4Xxx+8OGaK4sKh1slvNV/IjiLvLoI\n9Pwjiuwl6DY1CgDuXarU+J+9NFVtbkpTj83deWJuZJJE7JiN+K+K8D/ME8IRWCtd\nViHzLlaUjJiBvwsU/tAmcMLTAodA8Q6aZbCD+9iduBbrPFdHZx9Zd/N0m5Tjt9zl\nhV+jia4tufjVDMeau8GPms94NiME0KMV/m67/9591TTxM9h6JkJTNXjnT4VTS1KZ\na5Ztva0ahWrmDY1h6kSoB6nP/u4LDwxWoebjeUs7CneA2aRQCUrdDLTiAET/bIVG\nM20bwQKCAQEAtIJMDnxhTzM7VB6QDqIGbfdK6R9vGoXrTHHFcrzD1mhJuUJTI9wz\nzx2WLoeIZ0NGOP3XbKq6LExTs1GidqhnboCiBlq3f5IJjoShlHdKlCZf+PW2TePU\nZmyoeCFi0IHqcCRGlvirOI7sL8BCNzh9+syDkXPxcyvE2OkG035/5toB3mq/YxtS\nUh/sMucr5DDX2CEm02ws5pKsao7YaQH0n+rN8qmMQ2JaaFLz8k1g4t9I3OIbZ0l3\nSuajed/ctZ45wGRDrwP2OhGq4QnkJe++DEgqie8CSQVkZsMTeCq5bKVBX4NGvC0v\nhzyPchub5PVi5IDgBIf8446nN4qIl8Mz1QKCAQEArE8OrreOoJrjZE8NM0Krm+08\nU5txjc6AK7VVQmYrqEU8KEEib8NDZupqkzItBKlsSXVu4QcLHLynZ3LtX+e15LrK\njQcSi2A5u2ni6IJFCi/AxRoC9x+5YcrtLuNah93rRokJPK/sn2Z6b2s7zzYXoqjw\n/KLVj1GiJO5afEWmvbN4EQ18DANZBKPUZd00vyTz2x2aXRe9sxyQsktFLR16TeLM\nazxqaUzsbP3/xPQD97Ia1eufyyUPa9kT2gjZSSEgKIiiJozp9WdgokGqniwVjwG+\na8nxes1dkAcWypL4QySIv3Zy3Pu2K11x5S8IlCyBPylRSJX1wdcND9l34EQUNA==\n-----END RSA PRIVATE KEY-----\n",
            "public_key_fingerprint_md5": "b7:5d:74:ef:21:95:cb:ca:33:51:10:a6:5a:61:34:82",
            "public_key_openssh": "ssh-rsa AAAAB3NzaC1yc2EAAAADAQABAAACAQCnmnx874e1s9tUa2qzU1MT5pnLJNGRfeqPeDEbaTUlfJh7au3x9wWTbHJ/izRup/hTNB1LMgoUv/SEo+Wqe0xtCXZLzPR0AJLgjB+53VacdR5azNKaXfJQqdlENhDRuKh9IX/YTNwvIo+k37Ms6HOaQBDg8At2ZXP6id5/j0dCkv5OPOCfbpfnMqtgPNd7xp82PVISScwCI6HeYtab4pupWOBEfeeej0CZ5NSeydKoVG2uXWrHWzp85YXddlAHLT7mnkAffDPMyDyHhTEj6+5uZ645Mz2u9Jt9e+eNJCcyj7WTPrCJ4jMdNWTxM0iuk5VYi5WXjJMEvZohHw5ZH+pbXIx9HOueu2MVCOmmxPqqpEQ5zJxbGsAFokcFdEhoQ8fFMhKXLOWnKq/REh7q6g0aO/9ML/zYcCLLLNlB7/z1vIHgVj1/CTc3Mv4kHhZnqVdvu6ZzDoKpaWETkUathNfg3yojQbK5+p9UspEeBK9WXBNf3lSBEHgFH5u2mxYkRVEPHFztiiZ5h+lUJL8GUIUFtE3Cy+QMnetQB7EHUbjMbH9608AGPGxuD+jvVlyn35+tP3ttqP8GBL0bK63MeFlcPmeyyYDbufKIVnvM/PckL1GnFpF826xBwQX9FHq6qAepfyp1zJehWwvRhR87kZU/8sGL34vZVKw0xne6xacQdw==\n",
            "public_key_pem": "-----BEGIN PUBLIC KEY-----\nMIICIjANBgkqhkiG9w0BAQEFAAOCAg8AMIICCgKCAgEAp5p8fO+HtbPbVGtqs1NT\nE+aZyyTRkX3qj3gxG2k1JXyYe2rt8fcFk2xyf4s0bqf4UzQdSzIKFL/0hKPlqntM\nbQl2S8z0dACS4Iwfud1WnHUeWszSml3yUKnZRDYQ0biofSF/2EzcLyKPpN+zLOhz\nmkAQ4PALdmVz+onef49HQpL+Tjzgn26X5zKrYDzXe8afNj1SEknMAiOh3mLWm+Kb\nqVjgRH3nno9AmeTUnsnSqFRtrl1qx1s6fOWF3XZQBy0+5p5AH3wzzMg8h4UxI+vu\nbmeuOTM9rvSbfXvnjSQnMo+1kz6wieIzHTVk8TNIrpOVWIuVl4yTBL2aIR8OWR/q\nW1yMfRzrnrtjFQjppsT6qqREOcycWxrABaJHBXRIaEPHxTISlyzlpyqv0RIe6uoN\nGjv/TC/82HAiyyzZQe/89byB4FY9fwk3NzL+JB4WZ6lXb7umcw6CqWlhE5FGrYTX\n4N8qI0GyufqfVLKRHgSvVlwTX95UgRB4BR+btpsWJEVRDxxc7YomeYfpVCS/BlCF\nBbRNwsvkDJ3rUAexB1G4zGx/etPABjxsbg/o71Zcp9+frT97baj/BgS9GyutzHhZ\nXD5nssmA27nyiFZ7zPz3JC9RpxaRfNusQcEF/RR6uqgHqX8qdcyXoVsL0YUfO5GV\nP/LBi9+L2VSsNMZ3usWnEHcCAwEAAQ==\n-----END PUBLIC KEY-----\n",
            "rsa_bits": 4096
          },
          "sensitive_attributes": [],
          "private": "bnVsbA=="
        }
      ]
    }
  ]
}
